{
  "name": "ProTint-WebAPP",
  "lockfileVersion": 3,
  "requires": true,
  "packages": {
    "": {
      "dependencies": {
        "animejs": "^4.0.2"
      }
    },
    "node_modules/animejs": {
      "version": "4.0.2",
      "resolved": "https://registry.npmjs.org/animejs/-/animejs-4.0.2.tgz",
      "integrity": "sha512-f0L/kSya2RF23iMSF/VO01pMmLwlAFoiQeNAvBXhEyLzIPd2/QTBRatwGUqkVCC6seaAJYzAkGir55N4SL+h3A==",
      "license": "MIT"
    }
  }
}
